// !$*UTF8*$!
{
	archiveVersion = 1;
	classes = {
	};
	objectVersion = 56;
	objects = {

/* Begin PBXBuildFile section */
		1E0B86942B62C87900EF7D3A /* AppDelegate.swift in Sources */ = {isa = PBXBuildFile; fileRef = 1E0B86932B62C87900EF7D3A /* AppDelegate.swift */; };
		1E0B86962B62C87900EF7D3A /* SceneDelegate.swift in Sources */ = {isa = PBXBuildFile; fileRef = 1E0B86952B62C87900EF7D3A /* SceneDelegate.swift */; };
		1E0B869B2B62C87900EF7D3A /* Main.storyboard in Resources */ = {isa = PBXBuildFile; fileRef = 1E0B86992B62C87900EF7D3A /* Main.storyboard */; };
		1E0B869D2B62C87D00EF7D3A /* Assets.xcassets in Resources */ = {isa = PBXBuildFile; fileRef = 1E0B869C2B62C87D00EF7D3A /* Assets.xcassets */; };
		1E0B86A02B62C87D00EF7D3A /* LaunchScreen.storyboard in Resources */ = {isa = PBXBuildFile; fileRef = 1E0B869E2B62C87D00EF7D3A /* LaunchScreen.storyboard */; };
		1E0B86AB2B62C87D00EF7D3A /* MyColorMemoAppTests.swift in Sources */ = {isa = PBXBuildFile; fileRef = 1E0B86AA2B62C87D00EF7D3A /* MyColorMemoAppTests.swift */; };
		1E0B86B52B62C87D00EF7D3A /* MyColorMemoAppUITests.swift in Sources */ = {isa = PBXBuildFile; fileRef = 1E0B86B42B62C87D00EF7D3A /* MyColorMemoAppUITests.swift */; };
		1E0B86B72B62C87D00EF7D3A /* MyColorMemoAppUITestsLaunchTests.swift in Sources */ = {isa = PBXBuildFile; fileRef = 1E0B86B62B62C87D00EF7D3A /* MyColorMemoAppUITestsLaunchTests.swift */; };
		1E0B86C42B63739200EF7D3A /* HomeViewController.swift in Sources */ = {isa = PBXBuildFile; fileRef = 1E0B86C32B63739200EF7D3A /* HomeViewController.swift */; };
		1E0B86C62B63D3C400EF7D3A /* MemoDataModel.swift in Sources */ = {isa = PBXBuildFile; fileRef = 1E0B86C52B63D3C400EF7D3A /* MemoDataModel.swift */; };
		1E0B86C82B64BB6E00EF7D3A /* MemoDetailViewController.swift in Sources */ = {isa = PBXBuildFile; fileRef = 1E0B86C72B64BB6E00EF7D3A /* MemoDetailViewController.swift */; };
		1E0B86CE2B68A50100EF7D3A /* MyColorType.swift in Sources */ = {isa = PBXBuildFile; fileRef = 1E0B86CD2B68A50100EF7D3A /* MyColorType.swift */; };
		24F4233349B1E16CA956D224 /* Pods_MyColorMemoAppTests.framework in Frameworks */ = {isa = PBXBuildFile; fileRef = DAF7E6FACFF3D39AE8088D01 /* Pods_MyColorMemoAppTests.framework */; };
		5EE1ECAFB8BA6ED4C470AE4E /* Pods_MyColorMemoApp_MyColorMemoAppUITests.framework in Frameworks */ = {isa = PBXBuildFile; fileRef = B29AB93CCFD4FC714F5BD087 /* Pods_MyColorMemoApp_MyColorMemoAppUITests.framework */; };
		B6D66B1C28D6EB375E5FCF40 /* Pods_MyColorMemoApp.framework in Frameworks */ = {isa = PBXBuildFile; fileRef = FF17D46DC2C4AB0BF363E802 /* Pods_MyColorMemoApp.framework */; };
/* End PBXBuildFile section */

/* Begin PBXContainerItemProxy section */
		1E0B86A72B62C87D00EF7D3A /* PBXContainerItemProxy */ = {
			isa = PBXContainerItemProxy;
			containerPortal = 1E0B86882B62C87900EF7D3A /* Project object */;
			proxyType = 1;
			remoteGlobalIDString = 1E0B868F2B62C87900EF7D3A;
			remoteInfo = MyColorMemoApp;
		};
		1E0B86B12B62C87D00EF7D3A /* PBXContainerItemProxy */ = {
			isa = PBXContainerItemProxy;
			containerPortal = 1E0B86882B62C87900EF7D3A /* Project object */;
			proxyType = 1;
			remoteGlobalIDString = 1E0B868F2B62C87900EF7D3A;
			remoteInfo = MyColorMemoApp;
		};
/* End PBXContainerItemProxy section */

/* Begin PBXFileReference section */
		048F4E25C8CA05EF9CF76843 /* Pods-MyColorMemoAppTests.debug.xcconfig */ = {isa = PBXFileReference; includeInIndex = 1; lastKnownFileType = text.xcconfig; name = "Pods-MyColorMemoAppTests.debug.xcconfig"; path = "Target Support Files/Pods-MyColorMemoAppTests/Pods-MyColorMemoAppTests.debug.xcconfig"; sourceTree = "<group>"; };
		1E0B86902B62C87900EF7D3A /* MyColorMemoApp.app */ = {isa = PBXFileReference; explicitFileType = wrapper.application; includeInIndex = 0; path = MyColorMemoApp.app; sourceTree = BUILT_PRODUCTS_DIR; };
		1E0B86932B62C87900EF7D3A /* AppDelegate.swift */ = {isa = PBXFileReference; lastKnownFileType = sourcecode.swift; path = AppDelegate.swift; sourceTree = "<group>"; };
		1E0B86952B62C87900EF7D3A /* SceneDelegate.swift */ = {isa = PBXFileReference; lastKnownFileType = sourcecode.swift; path = SceneDelegate.swift; sourceTree = "<group>"; };
		1E0B869A2B62C87900EF7D3A /* Base */ = {isa = PBXFileReference; lastKnownFileType = file.storyboard; name = Base; path = Base.lproj/Main.storyboard; sourceTree = "<group>"; };
		1E0B869C2B62C87D00EF7D3A /* Assets.xcassets */ = {isa = PBXFileReference; lastKnownFileType = folder.assetcatalog; path = Assets.xcassets; sourceTree = "<group>"; };
		1E0B869F2B62C87D00EF7D3A /* Base */ = {isa = PBXFileReference; lastKnownFileType = file.storyboard; name = Base; path = Base.lproj/LaunchScreen.storyboard; sourceTree = "<group>"; };
		1E0B86A12B62C87D00EF7D3A /* Info.plist */ = {isa = PBXFileReference; lastKnownFileType = text.plist.xml; path = Info.plist; sourceTree = "<group>"; };
		1E0B86A62B62C87D00EF7D3A /* MyColorMemoAppTests.xctest */ = {isa = PBXFileReference; explicitFileType = wrapper.cfbundle; includeInIndex = 0; path = MyColorMemoAppTests.xctest; sourceTree = BUILT_PRODUCTS_DIR; };
		1E0B86AA2B62C87D00EF7D3A /* MyColorMemoAppTests.swift */ = {isa = PBXFileReference; lastKnownFileType = sourcecode.swift; path = MyColorMemoAppTests.swift; sourceTree = "<group>"; };
		1E0B86B02B62C87D00EF7D3A /* MyColorMemoAppUITests.xctest */ = {isa = PBXFileReference; explicitFileType = wrapper.cfbundle; includeInIndex = 0; path = MyColorMemoAppUITests.xctest; sourceTree = BUILT_PRODUCTS_DIR; };
		1E0B86B42B62C87D00EF7D3A /* MyColorMemoAppUITests.swift */ = {isa = PBXFileReference; lastKnownFileType = sourcecode.swift; path = MyColorMemoAppUITests.swift; sourceTree = "<group>"; };
		1E0B86B62B62C87D00EF7D3A /* MyColorMemoAppUITestsLaunchTests.swift */ = {isa = PBXFileReference; lastKnownFileType = sourcecode.swift; path = MyColorMemoAppUITestsLaunchTests.swift; sourceTree = "<group>"; };
		1E0B86C32B63739200EF7D3A /* HomeViewController.swift */ = {isa = PBXFileReference; lastKnownFileType = sourcecode.swift; path = HomeViewController.swift; sourceTree = "<group>"; };
		1E0B86C52B63D3C400EF7D3A /* MemoDataModel.swift */ = {isa = PBXFileReference; lastKnownFileType = sourcecode.swift; path = MemoDataModel.swift; sourceTree = "<group>"; };
		1E0B86C72B64BB6E00EF7D3A /* MemoDetailViewController.swift */ = {isa = PBXFileReference; lastKnownFileType = sourcecode.swift; path = MemoDetailViewController.swift; sourceTree = "<group>"; };
		1E0B86CD2B68A50100EF7D3A /* MyColorType.swift */ = {isa = PBXFileReference; lastKnownFileType = sourcecode.swift; path = MyColorType.swift; sourceTree = "<group>"; };
		23C2B8285BD35246A3CFDB6D /* Pods-MyColorMemoApp.release.xcconfig */ = {isa = PBXFileReference; includeInIndex = 1; lastKnownFileType = text.xcconfig; name = "Pods-MyColorMemoApp.release.xcconfig"; path = "Target Support Files/Pods-MyColorMemoApp/Pods-MyColorMemoApp.release.xcconfig"; sourceTree = "<group>"; };
		4CCBC7C51619AF5A075DE14C /* Pods-MyColorMemoAppTests.release.xcconfig */ = {isa = PBXFileReference; includeInIndex = 1; lastKnownFileType = text.xcconfig; name = "Pods-MyColorMemoAppTests.release.xcconfig"; path = "Target Support Files/Pods-MyColorMemoAppTests/Pods-MyColorMemoAppTests.release.xcconfig"; sourceTree = "<group>"; };
		89EE3C5F14E53AB171FE7278 /* Pods-MyColorMemoApp.debug.xcconfig */ = {isa = PBXFileReference; includeInIndex = 1; lastKnownFileType = text.xcconfig; name = "Pods-MyColorMemoApp.debug.xcconfig"; path = "Target Support Files/Pods-MyColorMemoApp/Pods-MyColorMemoApp.debug.xcconfig"; sourceTree = "<group>"; };
		B29AB93CCFD4FC714F5BD087 /* Pods_MyColorMemoApp_MyColorMemoAppUITests.framework */ = {isa = PBXFileReference; explicitFileType = wrapper.framework; includeInIndex = 0; path = Pods_MyColorMemoApp_MyColorMemoAppUITests.framework; sourceTree = BUILT_PRODUCTS_DIR; };
		DAF7E6FACFF3D39AE8088D01 /* Pods_MyColorMemoAppTests.framework */ = {isa = PBXFileReference; explicitFileType = wrapper.framework; includeInIndex = 0; path = Pods_MyColorMemoAppTests.framework; sourceTree = BUILT_PRODUCTS_DIR; };
		F9199E650916E6248E87DA29 /* Pods-MyColorMemoApp-MyColorMemoAppUITests.release.xcconfig */ = {isa = PBXFileReference; includeInIndex = 1; lastKnownFileType = text.xcconfig; name = "Pods-MyColorMemoApp-MyColorMemoAppUITests.release.xcconfig"; path = "Target Support Files/Pods-MyColorMemoApp-MyColorMemoAppUITests/Pods-MyColorMemoApp-MyColorMemoAppUITests.release.xcconfig"; sourceTree = "<group>"; };
		F931337A54D9CF40CA4DA7A6 /* Pods-MyColorMemoApp-MyColorMemoAppUITests.debug.xcconfig */ = {isa = PBXFileReference; includeInIndex = 1; lastKnownFileType = text.xcconfig; name = "Pods-MyColorMemoApp-MyColorMemoAppUITests.debug.xcconfig"; path = "Target Support Files/Pods-MyColorMemoApp-MyColorMemoAppUITests/Pods-MyColorMemoApp-MyColorMemoAppUITests.debug.xcconfig"; sourceTree = "<group>"; };
		FF17D46DC2C4AB0BF363E802 /* Pods_MyColorMemoApp.framework */ = {isa = PBXFileReference; explicitFileType = wrapper.framework; includeInIndex = 0; path = Pods_MyColorMemoApp.framework; sourceTree = BUILT_PRODUCTS_DIR; };
/* End PBXFileReference section */

/* Begin PBXFrameworksBuildPhase section */
		1E0B868D2B62C87900EF7D3A /* Frameworks */ = {
			isa = PBXFrameworksBuildPhase;
			buildActionMask = 2147483647;
			files = (
				B6D66B1C28D6EB375E5FCF40 /* Pods_MyColorMemoApp.framework in Frameworks */,
			);
			runOnlyForDeploymentPostprocessing = 0;
		};
		1E0B86A32B62C87D00EF7D3A /* Frameworks */ = {
			isa = PBXFrameworksBuildPhase;
			buildActionMask = 2147483647;
			files = (
				24F4233349B1E16CA956D224 /* Pods_MyColorMemoAppTests.framework in Frameworks */,
			);
			runOnlyForDeploymentPostprocessing = 0;
		};
		1E0B86AD2B62C87D00EF7D3A /* Frameworks */ = {
			isa = PBXFrameworksBuildPhase;
			buildActionMask = 2147483647;
			files = (
				5EE1ECAFB8BA6ED4C470AE4E /* Pods_MyColorMemoApp_MyColorMemoAppUITests.framework in Frameworks */,
			);
			runOnlyForDeploymentPostprocessing = 0;
		};
/* End PBXFrameworksBuildPhase section */

/* Begin PBXGroup section */
		0D0019803A70121B4F32F4BB /* Frameworks */ = {
			isa = PBXGroup;
			children = (
				FF17D46DC2C4AB0BF363E802 /* Pods_MyColorMemoApp.framework */,
				B29AB93CCFD4FC714F5BD087 /* Pods_MyColorMemoApp_MyColorMemoAppUITests.framework */,
				DAF7E6FACFF3D39AE8088D01 /* Pods_MyColorMemoAppTests.framework */,
			);
			name = Frameworks;
			sourceTree = "<group>";
		};
		1E0B86872B62C87900EF7D3A = {
			isa = PBXGroup;
			children = (
				1E0B86922B62C87900EF7D3A /* MyColorMemoApp */,
				1E0B86A92B62C87D00EF7D3A /* MyColorMemoAppTests */,
				1E0B86B32B62C87D00EF7D3A /* MyColorMemoAppUITests */,
				1E0B86912B62C87900EF7D3A /* Products */,
				DA105D02B3C65B58596EA526 /* Pods */,
				0D0019803A70121B4F32F4BB /* Frameworks */,
			);
			sourceTree = "<group>";
		};
		1E0B86912B62C87900EF7D3A /* Products */ = {
			isa = PBXGroup;
			children = (
				1E0B86902B62C87900EF7D3A /* MyColorMemoApp.app */,
				1E0B86A62B62C87D00EF7D3A /* MyColorMemoAppTests.xctest */,
				1E0B86B02B62C87D00EF7D3A /* MyColorMemoAppUITests.xctest */,
			);
			name = Products;
			sourceTree = "<group>";
		};
		1E0B86922B62C87900EF7D3A /* MyColorMemoApp */ = {
			isa = PBXGroup;
			children = (
				1E0B86932B62C87900EF7D3A /* AppDelegate.swift */,
				1E0B86952B62C87900EF7D3A /* SceneDelegate.swift */,
				1E0B86C32B63739200EF7D3A /* HomeViewController.swift */,
				1E0B86C72B64BB6E00EF7D3A /* MemoDetailViewController.swift */,
				1E0B86C52B63D3C400EF7D3A /* MemoDataModel.swift */,
				1E0B86992B62C87900EF7D3A /* Main.storyboard */,
				1E0B869C2B62C87D00EF7D3A /* Assets.xcassets */,
				1E0B869E2B62C87D00EF7D3A /* LaunchScreen.storyboard */,
				1E0B86A12B62C87D00EF7D3A /* Info.plist */,
				1E0B86CD2B68A50100EF7D3A /* MyColorType.swift */,
			);
			path = MyColorMemoApp;
			sourceTree = "<group>";
		};
		1E0B86A92B62C87D00EF7D3A /* MyColorMemoAppTests */ = {
			isa = PBXGroup;
			children = (
				1E0B86AA2B62C87D00EF7D3A /* MyColorMemoAppTests.swift */,
			);
			path = MyColorMemoAppTests;
			sourceTree = "<group>";
		};
		1E0B86B32B62C87D00EF7D3A /* MyColorMemoAppUITests */ = {
			isa = PBXGroup;
			children = (
				1E0B86B42B62C87D00EF7D3A /* MyColorMemoAppUITests.swift */,
				1E0B86B62B62C87D00EF7D3A /* MyColorMemoAppUITestsLaunchTests.swift */,
			);
			path = MyColorMemoAppUITests;
			sourceTree = "<group>";
		};
		DA105D02B3C65B58596EA526 /* Pods */ = {
			isa = PBXGroup;
			children = (
				89EE3C5F14E53AB171FE7278 /* Pods-MyColorMemoApp.debug.xcconfig */,
				23C2B8285BD35246A3CFDB6D /* Pods-MyColorMemoApp.release.xcconfig */,
				F931337A54D9CF40CA4DA7A6 /* Pods-MyColorMemoApp-MyColorMemoAppUITests.debug.xcconfig */,
				F9199E650916E6248E87DA29 /* Pods-MyColorMemoApp-MyColorMemoAppUITests.release.xcconfig */,
				048F4E25C8CA05EF9CF76843 /* Pods-MyColorMemoAppTests.debug.xcconfig */,
				4CCBC7C51619AF5A075DE14C /* Pods-MyColorMemoAppTests.release.xcconfig */,
			);
			path = Pods;
			sourceTree = "<group>";
		};
/* End PBXGroup section */

/* Begin PBXNativeTarget section */
		1E0B868F2B62C87900EF7D3A /* MyColorMemoApp */ = {
			isa = PBXNativeTarget;
			buildConfigurationList = 1E0B86BA2B62C87D00EF7D3A /* Build configuration list for PBXNativeTarget "MyColorMemoApp" */;
			buildPhases = (
				72F3FCAD4CD6D2CD83884F14 /* [CP] Check Pods Manifest.lock */,
				1E0B868C2B62C87900EF7D3A /* Sources */,
				1E0B868D2B62C87900EF7D3A /* Frameworks */,
				1E0B868E2B62C87900EF7D3A /* Resources */,
				3E2CE2E66333A7F1D34767AF /* [CP] Embed Pods Frameworks */,
			);
			buildRules = (
			);
			dependencies = (
			);
			name = MyColorMemoApp;
			productName = MyColorMemoApp;
			productReference = 1E0B86902B62C87900EF7D3A /* MyColorMemoApp.app */;
			productType = "com.apple.product-type.application";
		};
		1E0B86A52B62C87D00EF7D3A /* MyColorMemoAppTests */ = {
			isa = PBXNativeTarget;
			buildConfigurationList = 1E0B86BD2B62C87D00EF7D3A /* Build configuration list for PBXNativeTarget "MyColorMemoAppTests" */;
			buildPhases = (
				459B4699628EFCCEC1C963F1 /* [CP] Check Pods Manifest.lock */,
				1E0B86A22B62C87D00EF7D3A /* Sources */,
				1E0B86A32B62C87D00EF7D3A /* Frameworks */,
				1E0B86A42B62C87D00EF7D3A /* Resources */,
			);
			buildRules = (
			);
			dependencies = (
				1E0B86A82B62C87D00EF7D3A /* PBXTargetDependency */,
			);
			name = MyColorMemoAppTests;
			productName = MyColorMemoAppTests;
			productReference = 1E0B86A62B62C87D00EF7D3A /* MyColorMemoAppTests.xctest */;
			productType = "com.apple.product-type.bundle.unit-test";
		};
		1E0B86AF2B62C87D00EF7D3A /* MyColorMemoAppUITests */ = {
			isa = PBXNativeTarget;
			buildConfigurationList = 1E0B86C02B62C87D00EF7D3A /* Build configuration list for PBXNativeTarget "MyColorMemoAppUITests" */;
			buildPhases = (
				91047F89DCDAC552239DF2C4 /* [CP] Check Pods Manifest.lock */,
				1E0B86AC2B62C87D00EF7D3A /* Sources */,
				1E0B86AD2B62C87D00EF7D3A /* Frameworks */,
				1E0B86AE2B62C87D00EF7D3A /* Resources */,
				5B53727955E43145937164EA /* [CP] Embed Pods Frameworks */,
			);
			buildRules = (
			);
			dependencies = (
				1E0B86B22B62C87D00EF7D3A /* PBXTargetDependency */,
			);
			name = MyColorMemoAppUITests;
			productName = MyColorMemoAppUITests;
			productReference = 1E0B86B02B62C87D00EF7D3A /* MyColorMemoAppUITests.xctest */;
			productType = "com.apple.product-type.bundle.ui-testing";
		};
/* End PBXNativeTarget section */

/* Begin PBXProject section */
		1E0B86882B62C87900EF7D3A /* Project object */ = {
			isa = PBXProject;
			attributes = {
				BuildIndependentTargetsInParallel = 1;
				LastSwiftUpdateCheck = 1520;
				LastUpgradeCheck = 1520;
				TargetAttributes = {
					1E0B868F2B62C87900EF7D3A = {
						CreatedOnToolsVersion = 15.2;
					};
					1E0B86A52B62C87D00EF7D3A = {
						CreatedOnToolsVersion = 15.2;
						TestTargetID = 1E0B868F2B62C87900EF7D3A;
					};
					1E0B86AF2B62C87D00EF7D3A = {
						CreatedOnToolsVersion = 15.2;
						TestTargetID = 1E0B868F2B62C87900EF7D3A;
					};
				};
			};
			buildConfigurationList = 1E0B868B2B62C87900EF7D3A /* Build configuration list for PBXProject "MyColorMemoApp" */;
			compatibilityVersion = "Xcode 14.0";
			developmentRegion = en;
			hasScannedForEncodings = 0;
			knownRegions = (
				en,
				Base,
			);
			mainGroup = 1E0B86872B62C87900EF7D3A;
			productRefGroup = 1E0B86912B62C87900EF7D3A /* Products */;
			projectDirPath = "";
			projectRoot = "";
			targets = (
				1E0B868F2B62C87900EF7D3A /* MyColorMemoApp */,
				1E0B86A52B62C87D00EF7D3A /* MyColorMemoAppTests */,
				1E0B86AF2B62C87D00EF7D3A /* MyColorMemoAppUITests */,
			);
		};
/* End PBXProject section */

/* Begin PBXResourcesBuildPhase section */
		1E0B868E2B62C87900EF7D3A /* Resources */ = {
			isa = PBXResourcesBuildPhase;
			buildActionMask = 2147483647;
			files = (
				1E0B86A02B62C87D00EF7D3A /* LaunchScreen.storyboard in Resources */,
				1E0B869D2B62C87D00EF7D3A /* Assets.xcassets in Resources */,
				1E0B869B2B62C87900EF7D3A /* Main.storyboard in Resources */,
			);
			runOnlyForDeploymentPostprocessing = 0;
		};
		1E0B86A42B62C87D00EF7D3A /* Resources */ = {
			isa = PBXResourcesBuildPhase;
			buildActionMask = 2147483647;
			files = (
			);
			runOnlyForDeploymentPostprocessing = 0;
		};
		1E0B86AE2B62C87D00EF7D3A /* Resources */ = {
			isa = PBXResourcesBuildPhase;
			buildActionMask = 2147483647;
			files = (
			);
			runOnlyForDeploymentPostprocessing = 0;
		};
/* End PBXResourcesBuildPhase section */

/* Begin PBXShellScriptBuildPhase section */
		3E2CE2E66333A7F1D34767AF /* [CP] Embed Pods Frameworks */ = {
			isa = PBXShellScriptBuildPhase;
			buildActionMask = 2147483647;
			files = (
			);
			inputFileListPaths = (
				"${PODS_ROOT}/Target Support Files/Pods-MyColorMemoApp/Pods-MyColorMemoApp-frameworks-${CONFIGURATION}-input-files.xcfilelist",
			);
			name = "[CP] Embed Pods Frameworks";
			outputFileListPaths = (
				"${PODS_ROOT}/Target Support Files/Pods-MyColorMemoApp/Pods-MyColorMemoApp-frameworks-${CONFIGURATION}-output-files.xcfilelist",
			);
			runOnlyForDeploymentPostprocessing = 0;
			shellPath = /bin/sh;
			shellScript = "\"${PODS_ROOT}/Target Support Files/Pods-MyColorMemoApp/Pods-MyColorMemoApp-frameworks.sh\"\n";
			showEnvVarsInLog = 0;
		};
		459B4699628EFCCEC1C963F1 /* [CP] Check Pods Manifest.lock */ = {
			isa = PBXShellScriptBuildPhase;
			buildActionMask = 2147483647;
			files = (
			);
			inputFileListPaths = (
			);
			inputPaths = (
				"${PODS_PODFILE_DIR_PATH}/Podfile.lock",
				"${PODS_ROOT}/Manifest.lock",
			);
			name = "[CP] Check Pods Manifest.lock";
			outputFileListPaths = (
			);
			outputPaths = (
				"$(DERIVED_FILE_DIR)/Pods-MyColorMemoAppTests-checkManifestLockResult.txt",
			);
			runOnlyForDeploymentPostprocessing = 0;
			shellPath = /bin/sh;
			shellScript = "diff \"${PODS_PODFILE_DIR_PATH}/Podfile.lock\" \"${PODS_ROOT}/Manifest.lock\" > /dev/null\nif [ $? != 0 ] ; then\n    # print error to STDERR\n    echo \"error: The sandbox is not in sync with the Podfile.lock. Run 'pod install' or update your CocoaPods installation.\" >&2\n    exit 1\nfi\n# This output is used by Xcode 'outputs' to avoid re-running this script phase.\necho \"SUCCESS\" > \"${SCRIPT_OUTPUT_FILE_0}\"\n";
			showEnvVarsInLog = 0;
		};
		5B53727955E43145937164EA /* [CP] Embed Pods Frameworks */ = {
			isa = PBXShellScriptBuildPhase;
			buildActionMask = 2147483647;
			files = (
			);
			inputFileListPaths = (
				"${PODS_ROOT}/Target Support Files/Pods-MyColorMemoApp-MyColorMemoAppUITests/Pods-MyColorMemoApp-MyColorMemoAppUITests-frameworks-${CONFIGURATION}-input-files.xcfilelist",
			);
			name = "[CP] Embed Pods Frameworks";
			outputFileListPaths = (
				"${PODS_ROOT}/Target Support Files/Pods-MyColorMemoApp-MyColorMemoAppUITests/Pods-MyColorMemoApp-MyColorMemoAppUITests-frameworks-${CONFIGURATION}-output-files.xcfilelist",
			);
			runOnlyForDeploymentPostprocessing = 0;
			shellPath = /bin/sh;
			shellScript = "\"${PODS_ROOT}/Target Support Files/Pods-MyColorMemoApp-MyColorMemoAppUITests/Pods-MyColorMemoApp-MyColorMemoAppUITests-frameworks.sh\"\n";
			showEnvVarsInLog = 0;
		};
		72F3FCAD4CD6D2CD83884F14 /* [CP] Check Pods Manifest.lock */ = {
			isa = PBXShellScriptBuildPhase;
			buildActionMask = 2147483647;
			files = (
			);
			inputFileListPaths = (
			);
			inputPaths = (
				"${PODS_PODFILE_DIR_PATH}/Podfile.lock",
				"${PODS_ROOT}/Manifest.lock",
			);
			name = "[CP] Check Pods Manifest.lock";
			outputFileListPaths = (
			);
			outputPaths = (
				"$(DERIVED_FILE_DIR)/Pods-MyColorMemoApp-checkManifestLockResult.txt",
			);
			runOnlyForDeploymentPostprocessing = 0;
			shellPath = /bin/sh;
			shellScript = "diff \"${PODS_PODFILE_DIR_PATH}/Podfile.lock\" \"${PODS_ROOT}/Manifest.lock\" > /dev/null\nif [ $? != 0 ] ; then\n    # print error to STDERR\n    echo \"error: The sandbox is not in sync with the Podfile.lock. Run 'pod install' or update your CocoaPods installation.\" >&2\n    exit 1\nfi\n# This output is used by Xcode 'outputs' to avoid re-running this script phase.\necho \"SUCCESS\" > \"${SCRIPT_OUTPUT_FILE_0}\"\n";
			showEnvVarsInLog = 0;
		};
		91047F89DCDAC552239DF2C4 /* [CP] Check Pods Manifest.lock */ = {
			isa = PBXShellScriptBuildPhase;
			buildActionMask = 2147483647;
			files = (
			);
			inputFileListPaths = (
			);
			inputPaths = (
				"${PODS_PODFILE_DIR_PATH}/Podfile.lock",
				"${PODS_ROOT}/Manifest.lock",
			);
			name = "[CP] Check Pods Manifest.lock";
			outputFileListPaths = (
			);
			outputPaths = (
				"$(DERIVED_FILE_DIR)/Pods-MyColorMemoApp-MyColorMemoAppUITests-checkManifestLockResult.txt",
			);
			runOnlyForDeploymentPostprocessing = 0;
			shellPath = /bin/sh;
			shellScript = "diff \"${PODS_PODFILE_DIR_PATH}/Podfile.lock\" \"${PODS_ROOT}/Manifest.lock\" > /dev/null\nif [ $? != 0 ] ; then\n    # print error to STDERR\n    echo \"error: The sandbox is not in sync with the Podfile.lock. Run 'pod install' or update your CocoaPods installation.\" >&2\n    exit 1\nfi\n# This output is used by Xcode 'outputs' to avoid re-running this script phase.\necho \"SUCCESS\" > \"${SCRIPT_OUTPUT_FILE_0}\"\n";
			showEnvVarsInLog = 0;
		};
/* End PBXShellScriptBuildPhase section */

/* Begin PBXSourcesBuildPhase section */
		1E0B868C2B62C87900EF7D3A /* Sources */ = {
			isa = PBXSourcesBuildPhase;
			buildActionMask = 2147483647;
			files = (
				1E0B86C82B64BB6E00EF7D3A /* MemoDetailViewController.swift in Sources */,
				1E0B86942B62C87900EF7D3A /* AppDelegate.swift in Sources */,
				1E0B86962B62C87900EF7D3A /* SceneDelegate.swift in Sources */,
				1E0B86C42B63739200EF7D3A /* HomeViewController.swift in Sources */,
				1E0B86C62B63D3C400EF7D3A /* MemoDataModel.swift in Sources */,
				1E0B86CE2B68A50100EF7D3A /* MyColorType.swift in Sources */,
			);
			runOnlyForDeploymentPostprocessing = 0;
		};
		1E0B86A22B62C87D00EF7D3A /* Sources */ = {
			isa = PBXSourcesBuildPhase;
			buildActionMask = 2147483647;
			files = (
				1E0B86AB2B62C87D00EF7D3A /* MyColorMemoAppTests.swift in Sources */,
			);
			runOnlyForDeploymentPostprocessing = 0;
		};
		1E0B86AC2B62C87D00EF7D3A /* Sources */ = {
			isa = PBXSourcesBuildPhase;
			buildActionMask = 2147483647;
			files = (
				1E0B86B72B62C87D00EF7D3A /* MyColorMemoAppUITestsLaunchTests.swift in Sources */,
				1E0B86B52B62C87D00EF7D3A /* MyColorMemoAppUITests.swift in Sources */,
			);
			runOnlyForDeploymentPostprocessing = 0;
		};
/* End PBXSourcesBuildPhase section */

/* Begin PBXTargetDependency section */
		1E0B86A82B62C87D00EF7D3A /* PBXTargetDependency */ = {
			isa = PBXTargetDependency;
			target = 1E0B868F2B62C87900EF7D3A /* MyColorMemoApp */;
			targetProxy = 1E0B86A72B62C87D00EF7D3A /* PBXContainerItemProxy */;
		};
		1E0B86B22B62C87D00EF7D3A /* PBXTargetDependency */ = {
			isa = PBXTargetDependency;
			target = 1E0B868F2B62C87900EF7D3A /* MyColorMemoApp */;
			targetProxy = 1E0B86B12B62C87D00EF7D3A /* PBXContainerItemProxy */;
		};
/* End PBXTargetDependency section */

/* Begin PBXVariantGroup section */
		1E0B86992B62C87900EF7D3A /* Main.storyboard */ = {
			isa = PBXVariantGroup;
			children = (
				1E0B869A2B62C87900EF7D3A /* Base */,
			);
			name = Main.storyboard;
			sourceTree = "<group>";
		};
		1E0B869E2B62C87D00EF7D3A /* LaunchScreen.storyboard */ = {
			isa = PBXVariantGroup;
			children = (
				1E0B869F2B62C87D00EF7D3A /* Base */,
			);
			name = LaunchScreen.storyboard;
			sourceTree = "<group>";
		};
/* End PBXVariantGroup section */

/* Begin XCBuildConfiguration section */
		1E0B86B82B62C87D00EF7D3A /* Debug */ = {
			isa = XCBuildConfiguration;
			buildSettings = {
				ALWAYS_SEARCH_USER_PATHS = NO;
				ASSETCATALOG_COMPILER_GENERATE_SWIFT_ASSET_SYMBOL_EXTENSIONS = YES;
				CLANG_ANALYZER_NONNULL = YES;
				CLANG_ANALYZER_NUMBER_OBJECT_CONVERSION = YES_AGGRESSIVE;
				CLANG_CXX_LANGUAGE_STANDARD = "gnu++20";
				CLANG_ENABLE_MODULES = YES;
				CLANG_ENABLE_OBJC_ARC = YES;
				CLANG_ENABLE_OBJC_WEAK = YES;
				CLANG_WARN_BLOCK_CAPTURE_AUTORELEASING = YES;
				CLANG_WARN_BOOL_CONVERSION = YES;
				CLANG_WARN_COMMA = YES;
				CLANG_WARN_CONSTANT_CONVERSION = YES;
				CLANG_WARN_DEPRECATED_OBJC_IMPLEMENTATIONS = YES;
				CLANG_WARN_DIRECT_OBJC_ISA_USAGE = YES_ERROR;
				CLANG_WARN_DOCUMENTATION_COMMENTS = YES;
				CLANG_WARN_EMPTY_BODY = YES;
				CLANG_WARN_ENUM_CONVERSION = YES;
				CLANG_WARN_INFINITE_RECURSION = YES;
				CLANG_WARN_INT_CONVERSION = YES;
				CLANG_WARN_NON_LITERAL_NULL_CONVERSION = YES;
				CLANG_WARN_OBJC_IMPLICIT_RETAIN_SELF = YES;
				CLANG_WARN_OBJC_LITERAL_CONVERSION = YES;
				CLANG_WARN_OBJC_ROOT_CLASS = YES_ERROR;
				CLANG_WARN_QUOTED_INCLUDE_IN_FRAMEWORK_HEADER = YES;
				CLANG_WARN_RANGE_LOOP_ANALYSIS = YES;
				CLANG_WARN_STRICT_PROTOTYPES = YES;
				CLANG_WARN_SUSPICIOUS_MOVE = YES;
				CLANG_WARN_UNGUARDED_AVAILABILITY = YES_AGGRESSIVE;
				CLANG_WARN_UNREACHABLE_CODE = YES;
				CLANG_WARN__DUPLICATE_METHOD_MATCH = YES;
				COPY_PHASE_STRIP = NO;
				DEBUG_INFORMATION_FORMAT = dwarf;
				ENABLE_STRICT_OBJC_MSGSEND = YES;
				ENABLE_TESTABILITY = YES;
				ENABLE_USER_SCRIPT_SANDBOXING = YES;
				GCC_C_LANGUAGE_STANDARD = gnu17;
				GCC_DYNAMIC_NO_PIC = NO;
				GCC_NO_COMMON_BLOCKS = YES;
				GCC_OPTIMIZATION_LEVEL = 0;
				GCC_PREPROCESSOR_DEFINITIONS = (
					"DEBUG=1",
					"$(inherited)",
				);
				GCC_WARN_64_TO_32_BIT_CONVERSION = YES;
				GCC_WARN_ABOUT_RETURN_TYPE = YES_ERROR;
				GCC_WARN_UNDECLARED_SELECTOR = YES;
				GCC_WARN_UNINITIALIZED_AUTOS = YES_AGGRESSIVE;
				GCC_WARN_UNUSED_FUNCTION = YES;
				GCC_WARN_UNUSED_VARIABLE = YES;
				IPHONEOS_DEPLOYMENT_TARGET = 17.2;
				LOCALIZATION_PREFERS_STRING_CATALOGS = YES;
				MTL_ENABLE_DEBUG_INFO = INCLUDE_SOURCE;
				MTL_FAST_MATH = YES;
				ONLY_ACTIVE_ARCH = YES;
				SDKROOT = iphoneos;
				SWIFT_ACTIVE_COMPILATION_CONDITIONS = "DEBUG $(inherited)";
				SWIFT_OPTIMIZATION_LEVEL = "-Onone";
			};
			name = Debug;
		};
		1E0B86B92B62C87D00EF7D3A /* Release */ = {
			isa = XCBuildConfiguration;
			buildSettings = {
				ALWAYS_SEARCH_USER_PATHS = NO;
				ASSETCATALOG_COMPILER_GENERATE_SWIFT_ASSET_SYMBOL_EXTENSIONS = YES;
				CLANG_ANALYZER_NONNULL = YES;
				CLANG_ANALYZER_NUMBER_OBJECT_CONVERSION = YES_AGGRESSIVE;
				CLANG_CXX_LANGUAGE_STANDARD = "gnu++20";
				CLANG_ENABLE_MODULES = YES;
				CLANG_ENABLE_OBJC_ARC = YES;
				CLANG_ENABLE_OBJC_WEAK = YES;
				CLANG_WARN_BLOCK_CAPTURE_AUTORELEASING = YES;
				CLANG_WARN_BOOL_CONVERSION = YES;
				CLANG_WARN_COMMA = YES;
				CLANG_WARN_CONSTANT_CONVERSION = YES;
				CLANG_WARN_DEPRECATED_OBJC_IMPLEMENTATIONS = YES;
				CLANG_WARN_DIRECT_OBJC_ISA_USAGE = YES_ERROR;
				CLANG_WARN_DOCUMENTATION_COMMENTS = YES;
				CLANG_WARN_EMPTY_BODY = YES;
				CLANG_WARN_ENUM_CONVERSION = YES;
				CLANG_WARN_INFINITE_RECURSION = YES;
				CLANG_WARN_INT_CONVERSION = YES;
				CLANG_WARN_NON_LITERAL_NULL_CONVERSION = YES;
				CLANG_WARN_OBJC_IMPLICIT_RETAIN_SELF = YES;
				CLANG_WARN_OBJC_LITERAL_CONVERSION = YES;
				CLANG_WARN_OBJC_ROOT_CLASS = YES_ERROR;
				CLANG_WARN_QUOTED_INCLUDE_IN_FRAMEWORK_HEADER = YES;
				CLANG_WARN_RANGE_LOOP_ANALYSIS = YES;
				CLANG_WARN_STRICT_PROTOTYPES = YES;
				CLANG_WARN_SUSPICIOUS_MOVE = YES;
				CLANG_WARN_UNGUARDED_AVAILABILITY = YES_AGGRESSIVE;
				CLANG_WARN_UNREACHABLE_CODE = YES;
				CLANG_WARN__DUPLICATE_METHOD_MATCH = YES;
				COPY_PHASE_STRIP = NO;
				DEBUG_INFORMATION_FORMAT = "dwarf-with-dsym";
				ENABLE_NS_ASSERTIONS = NO;
				ENABLE_STRICT_OBJC_MSGSEND = YES;
				ENABLE_USER_SCRIPT_SANDBOXING = YES;
				GCC_C_LANGUAGE_STANDARD = gnu17;
				GCC_NO_COMMON_BLOCKS = YES;
				GCC_WARN_64_TO_32_BIT_CONVERSION = YES;
				GCC_WARN_ABOUT_RETURN_TYPE = YES_ERROR;
				GCC_WARN_UNDECLARED_SELECTOR = YES;
				GCC_WARN_UNINITIALIZED_AUTOS = YES_AGGRESSIVE;
				GCC_WARN_UNUSED_FUNCTION = YES;
				GCC_WARN_UNUSED_VARIABLE = YES;
				IPHONEOS_DEPLOYMENT_TARGET = 17.2;
				LOCALIZATION_PREFERS_STRING_CATALOGS = YES;
				MTL_ENABLE_DEBUG_INFO = NO;
				MTL_FAST_MATH = YES;
				SDKROOT = iphoneos;
				SWIFT_COMPILATION_MODE = wholemodule;
				VALIDATE_PRODUCT = YES;
			};
			name = Release;
		};
		1E0B86BB2B62C87D00EF7D3A /* Debug */ = {
			isa = XCBuildConfiguration;
			baseConfigurationReference = 89EE3C5F14E53AB171FE7278 /* Pods-MyColorMemoApp.debug.xcconfig */;
			buildSettings = {
				ASSETCATALOG_COMPILER_APPICON_NAME = AppIcon;
				ASSETCATALOG_COMPILER_GLOBAL_ACCENT_COLOR_NAME = AccentColor;
				CODE_SIGN_STYLE = Automatic;
				CURRENT_PROJECT_VERSION = 1;
				DEVELOPMENT_TEAM = 3J8CXP9GNA;
				ENABLE_USER_SCRIPT_SANDBOXING = NO;
				GENERATE_INFOPLIST_FILE = YES;
				INFOPLIST_FILE = MyColorMemoApp/Info.plist;
				INFOPLIST_KEY_UIApplicationSupportsIndirectInputEvents = YES;
				INFOPLIST_KEY_UILaunchStoryboardName = LaunchScreen;
				INFOPLIST_KEY_UIMainStoryboardFile = Main;
				INFOPLIST_KEY_UISupportedInterfaceOrientations_iPad = "UIInterfaceOrientationPortrait UIInterfaceOrientationPortraitUpsideDown UIInterfaceOrientationLandscapeLeft UIInterfaceOrientationLandscapeRight";
				INFOPLIST_KEY_UISupportedInterfaceOrientations_iPhone = "UIInterfaceOrientationPortrait UIInterfaceOrientationLandscapeLeft UIInterfaceOrientationLandscapeRight";
				LD_RUNPATH_SEARCH_PATHS = (
					"$(inherited)",
					"@executable_path/Frameworks",
				);
				MARKETING_VERSION = 1.0;
				PRODUCT_BUNDLE_IDENTIFIER = "com.ios-academia.MyColorMemoApp";
				PRODUCT_NAME = "$(TARGET_NAME)";
				SWIFT_EMIT_LOC_STRINGS = YES;
				SWIFT_VERSION = 5.0;
				TARGETED_DEVICE_FAMILY = "1,2";
			};
			name = Debug;
		};
		1E0B86BC2B62C87D00EF7D3A /* Release */ = {
			isa = XCBuildConfiguration;
			baseConfigurationReference = 23C2B8285BD35246A3CFDB6D /* Pods-MyColorMemoApp.release.xcconfig */;
			buildSettings = {
				ASSETCATALOG_COMPILER_APPICON_NAME = AppIcon;
				ASSETCATALOG_COMPILER_GLOBAL_ACCENT_COLOR_NAME = AccentColor;
				CODE_SIGN_STYLE = Automatic;
				CURRENT_PROJECT_VERSION = 1;
				DEVELOPMENT_TEAM = 3J8CXP9GNA;
				ENABLE_USER_SCRIPT_SANDBOXING = NO;
				GENERATE_INFOPLIST_FILE = YES;
				INFOPLIST_FILE = MyColorMemoApp/Info.plist;
				INFOPLIST_KEY_UIApplicationSupportsIndirectInputEvents = YES;
				INFOPLIST_KEY_UILaunchStoryboardName = LaunchScreen;
				INFOPLIST_KEY_UIMainStoryboardFile = Main;
				INFOPLIST_KEY_UISupportedInterfaceOrientations_iPad = "UIInterfaceOrientationPortrait UIInterfaceOrientationPortraitUpsideDown UIInterfaceOrientationLandscapeLeft UIInterfaceOrientationLandscapeRight";
				INFOPLIST_KEY_UISupportedInterfaceOrientations_iPhone = "UIInterfaceOrientationPortrait UIInterfaceOrientationLandscapeLeft UIInterfaceOrientationLandscapeRight";
				LD_RUNPATH_SEARCH_PATHS = (
					"$(inherited)",
					"@executable_path/Frameworks",
				);
				MARKETING_VERSION = 1.0;
				PRODUCT_BUNDLE_IDENTIFIER = "com.ios-academia.MyColorMemoApp";
				PRODUCT_NAME = "$(TARGET_NAME)";
				SWIFT_EMIT_LOC_STRINGS = YES;
				SWIFT_VERSION = 5.0;
				TARGETED_DEVICE_FAMILY = "1,2";
			};
			name = Release;
		};
		1E0B86BE2B62C87D00EF7D3A /* Debug */ = {
			isa = XCBuildConfiguration;
			baseConfigurationReference = 048F4E25C8CA05EF9CF76843 /* Pods-MyColorMemoAppTests.debug.xcconfig */;
			buildSettings = {
				ALWAYS_EMBED_SWIFT_STANDARD_LIBRARIES = YES;
				BUNDLE_LOADER = "$(TEST_HOST)";
				CODE_SIGN_STYLE = Automatic;
				CURRENT_PROJECT_VERSION = 1;
				DEVELOPMENT_TEAM = 3J8CXP9GNA;
				GENERATE_INFOPLIST_FILE = YES;
				IPHONEOS_DEPLOYMENT_TARGET = 17.2;
				MARKETING_VERSION = 1.0;
				PRODUCT_BUNDLE_IDENTIFIER = "com.ios-academia.MyColorMemoAppTests";
				PRODUCT_NAME = "$(TARGET_NAME)";
				SWIFT_EMIT_LOC_STRINGS = NO;
				SWIFT_VERSION = 5.0;
				TARGETED_DEVICE_FAMILY = "1,2";
				TEST_HOST = "$(BUILT_PRODUCTS_DIR)/MyColorMemoApp.app/$(BUNDLE_EXECUTABLE_FOLDER_PATH)/MyColorMemoApp";
			};
			name = Debug;
		};
		1E0B86BF2B62C87D00EF7D3A /* Release */ = {
			isa = XCBuildConfiguration;
			baseConfigurationReference = 4CCBC7C51619AF5A075DE14C /* Pods-MyColorMemoAppTests.release.xcconfig */;
			buildSettings = {
				ALWAYS_EMBED_SWIFT_STANDARD_LIBRARIES = YES;
				BUNDLE_LOADER = "$(TEST_HOST)";
				CODE_SIGN_STYLE = Automatic;
				CURRENT_PROJECT_VERSION = 1;
				DEVELOPMENT_TEAM = 3J8CXP9GNA;
				GENERATE_INFOPLIST_FILE = YES;
				IPHONEOS_DEPLOYMENT_TARGET = 17.2;
				MARKETING_VERSION = 1.0;
				PRODUCT_BUNDLE_IDENTIFIER = "com.ios-academia.MyColorMemoAppTests";
				PRODUCT_NAME = "$(TARGET_NAME)";
				SWIFT_EMIT_LOC_STRINGS = NO;
				SWIFT_VERSION = 5.0;
				TARGETED_DEVICE_FAMILY = "1,2";
				TEST_HOST = "$(BUILT_PRODUCTS_DIR)/MyColorMemoApp.app/$(BUNDLE_EXECUTABLE_FOLDER_PATH)/MyColorMemoApp";
			};
			name = Release;
		};
		1E0B86C12B62C87D00EF7D3A /* Debug */ = {
			isa = XCBuildConfiguration;
			baseConfigurationReference = F931337A54D9CF40CA4DA7A6 /* Pods-MyColorMemoApp-MyColorMemoAppUITests.debug.xcconfig */;
			buildSettings = {
				ALWAYS_EMBED_SWIFT_STANDARD_LIBRARIES = YES;
				CODE_SIGN_STYLE = Automatic;
				CURRENT_PROJECT_VERSION = 1;
				DEVELOPMENT_TEAM = 3J8CXP9GNA;
				GENERATE_INFOPLIST_FILE = YES;
				MARKETING_VERSION = 1.0;
				PRODUCT_BUNDLE_IDENTIFIER = "com.ios-academia.MyColorMemoAppUITests";
				PRODUCT_NAME = "$(TARGET_NAME)";
				SWIFT_EMIT_LOC_STRINGS = NO;
				SWIFT_VERSION = 5.0;
				TARGETED_DEVICE_FAMILY = "1,2";
				TEST_TARGET_NAME = MyColorMemoApp;
			};
			name = Debug;
		};
		1E0B86C22B62C87D00EF7D3A /* Release */ = {
			isa = XCBuildConfiguration;
			baseConfigurationReference = F9199E650916E6248E87DA29 /* Pods-MyColorMemoApp-MyColorMemoAppUITests.release.xcconfig */;
			buildSettings = {
				ALWAYS_EMBED_SWIFT_STANDARD_LIBRARIES = YES;
				CODE_SIGN_STYLE = Automatic;
				CURRENT_PROJECT_VERSION = 1;
				DEVELOPMENT_TEAM = 3J8CXP9GNA;
				GENERATE_INFOPLIST_FILE = YES;
				MARKETING_VERSION = 1.0;
				PRODUCT_BUNDLE_IDENTIFIER = "com.ios-academia.MyColorMemoAppUITests";
				PRODUCT_NAME = "$(TARGET_NAME)";
				SWIFT_EMIT_LOC_STRINGS = NO;
				SWIFT_VERSION = 5.0;
				TARGETED_DEVICE_FAMILY = "1,2";
				TEST_TARGET_NAME = MyColorMemoApp;
			};
			name = Release;
		};
/* End XCBuildConfiguration section */

/* Begin XCConfigurationList section */
		1E0B868B2B62C87900EF7D3A /* Build configuration list for PBXProject "MyColorMemoApp" */ = {
			isa = XCConfigurationList;
			buildConfigurations = (
				1E0B86B82B62C87D00EF7D3A /* Debug */,
				1E0B86B92B62C87D00EF7D3A /* Release */,
			);
			defaultConfigurationIsVisible = 0;
			defaultConfigurationName = Release;
		};
		1E0B86BA2B62C87D00EF7D3A /* Build configuration list for PBXNativeTarget "MyColorMemoApp" */ = {
			isa = XCConfigurationList;
			buildConfigurations = (
				1E0B86BB2B62C87D00EF7D3A /* Debug */,
				1E0B86BC2B62C87D00EF7D3A /* Release */,
			);
			defaultConfigurationIsVisible = 0;
			defaultConfigurationName = Release;
		};
		1E0B86BD2B62C87D00EF7D3A /* Build configuration list for PBXNativeTarget "MyColorMemoAppTests" */ = {
			isa = XCConfigurationList;
			buildConfigurations = (
				1E0B86BE2B62C87D00EF7D3A /* Debug */,
				1E0B86BF2B62C87D00EF7D3A /* Release */,
			);
			defaultConfigurationIsVisible = 0;
			defaultConfigurationName = Release;
		};
		1E0B86C02B62C87D00EF7D3A /* Build configuration list for PBXNativeTarget "MyColorMemoAppUITests" */ = {
			isa = XCConfigurationList;
			buildConfigurations = (
				1E0B86C12B62C87D00EF7D3A /* Debug */,
				1E0B86C22B62C87D00EF7D3A /* Release */,
			);
			defaultConfigurationIsVisible = 0;
			defaultConfigurationName = Release;
		};
/* End XCConfigurationList section */
	};
	rootObject = 1E0B86882B62C87900EF7D3A /* Project object */;
}
